// !$*UTF8*$!
{
	archiveVersion = 1;
	classes = {
	};
	objectVersion = 51;
	objects = {

/* Begin PBXBuildFile section */
		00FA81E0C8290059D19F0F9E /* Pods_SpotifyMacMenu.framework in Frameworks */ = {isa = PBXBuildFile; fileRef = BCF3F1D487B9F653C8442BEA /* Pods_SpotifyMacMenu.framework */; };
		1340F73324A2CAE600ECB17C /* AppDelegate.swift in Sources */ = {isa = PBXBuildFile; fileRef = 1340F73224A2CAE600ECB17C /* AppDelegate.swift */; };
		1340F73524A2CAE600ECB17C /* ContentView.swift in Sources */ = {isa = PBXBuildFile; fileRef = 1340F73424A2CAE600ECB17C /* ContentView.swift */; };
		1340F73724A2CAEA00ECB17C /* Assets.xcassets in Resources */ = {isa = PBXBuildFile; fileRef = 1340F73624A2CAEA00ECB17C /* Assets.xcassets */; };
		1340F73A24A2CAEA00ECB17C /* Preview Assets.xcassets in Resources */ = {isa = PBXBuildFile; fileRef = 1340F73924A2CAEA00ECB17C /* Preview Assets.xcassets */; };
		1340F73D24A2CAEA00ECB17C /* Main.storyboard in Resources */ = {isa = PBXBuildFile; fileRef = 1340F73B24A2CAEA00ECB17C /* Main.storyboard */; };
		13C93C8A24FB93070072D9C3 /* StatusBarController.swift in Sources */ = {isa = PBXBuildFile; fileRef = 13C93C8924FB93070072D9C3 /* StatusBarController.swift */; };
		13C93C8C24FB93FF0072D9C3 /* EventMonitor.swift in Sources */ = {isa = PBXBuildFile; fileRef = 13C93C8B24FB93FF0072D9C3 /* EventMonitor.swift */; };
/* End PBXBuildFile section */

/* Begin PBXFileReference section */
		1340F72F24A2CAE600ECB17C /* SpotifyMacMenu.app */ = {isa = PBXFileReference; explicitFileType = wrapper.application; includeInIndex = 0; path = SpotifyMacMenu.app; sourceTree = BUILT_PRODUCTS_DIR; };
		1340F73224A2CAE600ECB17C /* AppDelegate.swift */ = {isa = PBXFileReference; lastKnownFileType = sourcecode.swift; path = AppDelegate.swift; sourceTree = "<group>"; };
		1340F73424A2CAE600ECB17C /* ContentView.swift */ = {isa = PBXFileReference; lastKnownFileType = sourcecode.swift; path = ContentView.swift; sourceTree = "<group>"; };
		1340F73624A2CAEA00ECB17C /* Assets.xcassets */ = {isa = PBXFileReference; lastKnownFileType = folder.assetcatalog; path = Assets.xcassets; sourceTree = "<group>"; };
		1340F73924A2CAEA00ECB17C /* Preview Assets.xcassets */ = {isa = PBXFileReference; lastKnownFileType = folder.assetcatalog; path = "Preview Assets.xcassets"; sourceTree = "<group>"; };
		1340F73C24A2CAEA00ECB17C /* Base */ = {isa = PBXFileReference; lastKnownFileType = file.storyboard; name = Base; path = Base.lproj/Main.storyboard; sourceTree = "<group>"; };
		1340F73E24A2CAEA00ECB17C /* Info.plist */ = {isa = PBXFileReference; lastKnownFileType = text.plist.xml; path = Info.plist; sourceTree = "<group>"; };
		1340F73F24A2CAEA00ECB17C /* SpotifyMacMenu.entitlements */ = {isa = PBXFileReference; lastKnownFileType = text.plist.entitlements; path = SpotifyMacMenu.entitlements; sourceTree = "<group>"; };
		13C93C8924FB93070072D9C3 /* StatusBarController.swift */ = {isa = PBXFileReference; lastKnownFileType = sourcecode.swift; path = StatusBarController.swift; sourceTree = "<group>"; };
		13C93C8B24FB93FF0072D9C3 /* EventMonitor.swift */ = {isa = PBXFileReference; lastKnownFileType = sourcecode.swift; path = EventMonitor.swift; sourceTree = "<group>"; };
		B92D7E51C82F5B4206B43B7E /* Pods-SpotifyMacMenu.debug.xcconfig */ = {isa = PBXFileReference; includeInIndex = 1; lastKnownFileType = text.xcconfig; name = "Pods-SpotifyMacMenu.debug.xcconfig"; path = "Target Support Files/Pods-SpotifyMacMenu/Pods-SpotifyMacMenu.debug.xcconfig"; sourceTree = "<group>"; };
		B940A093047B04A0424C2FFD /* Pods-SpotifyMacMenu.release.xcconfig */ = {isa = PBXFileReference; includeInIndex = 1; lastKnownFileType = text.xcconfig; name = "Pods-SpotifyMacMenu.release.xcconfig"; path = "Target Support Files/Pods-SpotifyMacMenu/Pods-SpotifyMacMenu.release.xcconfig"; sourceTree = "<group>"; };
		BCF3F1D487B9F653C8442BEA /* Pods_SpotifyMacMenu.framework */ = {isa = PBXFileReference; explicitFileType = wrapper.framework; includeInIndex = 0; path = Pods_SpotifyMacMenu.framework; sourceTree = BUILT_PRODUCTS_DIR; };
/* End PBXFileReference section */

/* Begin PBXFrameworksBuildPhase section */
		1340F72C24A2CAE600ECB17C /* Frameworks */ = {
			isa = PBXFrameworksBuildPhase;
			buildActionMask = 2147483647;
			files = (
				00FA81E0C8290059D19F0F9E /* Pods_SpotifyMacMenu.framework in Frameworks */,
			);
			runOnlyForDeploymentPostprocessing = 0;
		};
/* End PBXFrameworksBuildPhase section */

/* Begin PBXGroup section */
		1340F72624A2CAE600ECB17C = {
			isa = PBXGroup;
			children = (
				1340F73124A2CAE600ECB17C /* SpotifyMacMenu */,
				1340F73024A2CAE600ECB17C /* Products */,
				AD16D014B8BB50A5382FE53F /* Pods */,
				74B6F760DE1102048DF72590 /* Frameworks */,
			);
			sourceTree = "<group>";
		};
		1340F73024A2CAE600ECB17C /* Products */ = {
			isa = PBXGroup;
			children = (
				1340F72F24A2CAE600ECB17C /* SpotifyMacMenu.app */,
			);
			name = Products;
			sourceTree = "<group>";
		};
		1340F73124A2CAE600ECB17C /* SpotifyMacMenu */ = {
			isa = PBXGroup;
			children = (
				1340F73224A2CAE600ECB17C /* AppDelegate.swift */,
				1340F73424A2CAE600ECB17C /* ContentView.swift */,
				13C93C8924FB93070072D9C3 /* StatusBarController.swift */,
				13C93C8B24FB93FF0072D9C3 /* EventMonitor.swift */,
				1340F73624A2CAEA00ECB17C /* Assets.xcassets */,
				1340F73B24A2CAEA00ECB17C /* Main.storyboard */,
				1340F73E24A2CAEA00ECB17C /* Info.plist */,
				1340F73F24A2CAEA00ECB17C /* SpotifyMacMenu.entitlements */,
				1340F73824A2CAEA00ECB17C /* Preview Content */,
			);
			path = SpotifyMacMenu;
			sourceTree = "<group>";
		};
		1340F73824A2CAEA00ECB17C /* Preview Content */ = {
			isa = PBXGroup;
			children = (
				1340F73924A2CAEA00ECB17C /* Preview Assets.xcassets */,
			);
			path = "Preview Content";
			sourceTree = "<group>";
		};
		74B6F760DE1102048DF72590 /* Frameworks */ = {
			isa = PBXGroup;
			children = (
				BCF3F1D487B9F653C8442BEA /* Pods_SpotifyMacMenu.framework */,
			);
			name = Frameworks;
			sourceTree = "<group>";
		};
		AD16D014B8BB50A5382FE53F /* Pods */ = {
			isa = PBXGroup;
			children = (
				B92D7E51C82F5B4206B43B7E /* Pods-SpotifyMacMenu.debug.xcconfig */,
				B940A093047B04A0424C2FFD /* Pods-SpotifyMacMenu.release.xcconfig */,
			);
			path = Pods;
			sourceTree = "<group>";
		};
/* End PBXGroup section */

/* Begin PBXNativeTarget section */
		1340F72E24A2CAE600ECB17C /* SpotifyMacMenu */ = {
			isa = PBXNativeTarget;
			buildConfigurationList = 1340F74224A2CAEA00ECB17C /* Build configuration list for PBXNativeTarget "SpotifyMacMenu" */;
			buildPhases = (
				21D44D01AC56DC425AEA0539 /* [CP] Check Pods Manifest.lock */,
				1340F72B24A2CAE600ECB17C /* Sources */,
				1340F72C24A2CAE600ECB17C /* Frameworks */,
				1340F72D24A2CAE600ECB17C /* Resources */,
				21D8BBFDD0ACA321A1B58475 /* [CP] Embed Pods Frameworks */,
			);
			buildRules = (
			);
			dependencies = (
			);
			name = SpotifyMacMenu;
			productName = SpotifyMacMenu;
			productReference = 1340F72F24A2CAE600ECB17C /* SpotifyMacMenu.app */;
			productType = "com.apple.product-type.application";
		};
/* End PBXNativeTarget section */

/* Begin PBXProject section */
		1340F72724A2CAE600ECB17C /* Project object */ = {
			isa = PBXProject;
			attributes = {
				LastSwiftUpdateCheck = 1150;
				LastUpgradeCheck = 1150;
				ORGANIZATIONNAME = "Irene Lee";
				TargetAttributes = {
					1340F72E24A2CAE600ECB17C = {
						CreatedOnToolsVersion = 11.5;
					};
				};
			};
			buildConfigurationList = 1340F72A24A2CAE600ECB17C /* Build configuration list for PBXProject "SpotifyMacMenu" */;
			compatibilityVersion = "Xcode 9.3";
			developmentRegion = en;
			hasScannedForEncodings = 0;
			knownRegions = (
				en,
				Base,
			);
			mainGroup = 1340F72624A2CAE600ECB17C;
			productRefGroup = 1340F73024A2CAE600ECB17C /* Products */;
			projectDirPath = "";
			projectRoot = "";
			targets = (
				1340F72E24A2CAE600ECB17C /* SpotifyMacMenu */,
			);
		};
/* End PBXProject section */

/* Begin PBXResourcesBuildPhase section */
		1340F72D24A2CAE600ECB17C /* Resources */ = {
			isa = PBXResourcesBuildPhase;
			buildActionMask = 2147483647;
			files = (
				1340F73D24A2CAEA00ECB17C /* Main.storyboard in Resources */,
				1340F73A24A2CAEA00ECB17C /* Preview Assets.xcassets in Resources */,
				1340F73724A2CAEA00ECB17C /* Assets.xcassets in Resources */,
			);
			runOnlyForDeploymentPostprocessing = 0;
		};
/* End PBXResourcesBuildPhase section */

/* Begin PBXShellScriptBuildPhase section */
		21D44D01AC56DC425AEA0539 /* [CP] Check Pods Manifest.lock */ = {
			isa = PBXShellScriptBuildPhase;
			buildActionMask = 2147483647;
			files = (
			);
			inputFileListPaths = (
			);
			inputPaths = (
				"${PODS_PODFILE_DIR_PATH}/Podfile.lock",
				"${PODS_ROOT}/Manifest.lock",
			);
			name = "[CP] Check Pods Manifest.lock";
			outputFileListPaths = (
			);
			outputPaths = (
				"$(DERIVED_FILE_DIR)/Pods-SpotifyMacMenu-checkManifestLockResult.txt",
			);
			runOnlyForDeploymentPostprocessing = 0;
			shellPath = /bin/sh;
			shellScript = "diff \"${PODS_PODFILE_DIR_PATH}/Podfile.lock\" \"${PODS_ROOT}/Manifest.lock\" > /dev/null\nif [ $? != 0 ] ; then\n    # print error to STDERR\n    echo \"error: The sandbox is not in sync with the Podfile.lock. Run 'pod install' or update your CocoaPods installation.\" >&2\n    exit 1\nfi\n# This output is used by Xcode 'outputs' to avoid re-running this script phase.\necho \"SUCCESS\" > \"${SCRIPT_OUTPUT_FILE_0}\"\n";
			showEnvVarsInLog = 0;
		};
		21D8BBFDD0ACA321A1B58475 /* [CP] Embed Pods Frameworks */ = {
			isa = PBXShellScriptBuildPhase;
			buildActionMask = 2147483647;
			files = (
			);
			inputFileListPaths = (
				"${PODS_ROOT}/Target Support Files/Pods-SpotifyMacMenu/Pods-SpotifyMacMenu-frameworks-${CONFIGURATION}-input-files.xcfilelist",
			);
			name = "[CP] Embed Pods Frameworks";
			outputFileListPaths = (
				"${PODS_ROOT}/Target Support Files/Pods-SpotifyMacMenu/Pods-SpotifyMacMenu-frameworks-${CONFIGURATION}-output-files.xcfilelist",
			);
			runOnlyForDeploymentPostprocessing = 0;
			shellPath = /bin/sh;
			shellScript = "\"${PODS_ROOT}/Target Support Files/Pods-SpotifyMacMenu/Pods-SpotifyMacMenu-frameworks.sh\"\n";
			showEnvVarsInLog = 0;
		};
/* End PBXShellScriptBuildPhase section */

/* Begin PBXSourcesBuildPhase section */
		1340F72B24A2CAE600ECB17C /* Sources */ = {
			isa = PBXSourcesBuildPhase;
			buildActionMask = 2147483647;
			files = (
				1340F73524A2CAE600ECB17C /* ContentView.swift in Sources */,
				13C93C8A24FB93070072D9C3 /* StatusBarController.swift in Sources */,
				1340F73324A2CAE600ECB17C /* AppDelegate.swift in Sources */,
				13C93C8C24FB93FF0072D9C3 /* EventMonitor.swift in Sources */,
			);
			runOnlyForDeploymentPostprocessing = 0;
		};
/* End PBXSourcesBuildPhase section */

/* Begin PBXVariantGroup section */
		1340F73B24A2CAEA00ECB17C /* Main.storyboard */ = {
			isa = PBXVariantGroup;
			children = (
				1340F73C24A2CAEA00ECB17C /* Base */,
			);
			name = Main.storyboard;
			sourceTree = "<group>";
		};
/* End PBXVariantGroup section */

/* Begin XCBuildConfiguration section */
		1340F74024A2CAEA00ECB17C /* Debug */ = {
			isa = XCBuildConfiguration;
			buildSettings = {
				ALWAYS_SEARCH_USER_PATHS = NO;
				CLANG_ANALYZER_NONNULL = YES;
				CLANG_ANALYZER_NUMBER_OBJECT_CONVERSION = YES_AGGRESSIVE;
				CLANG_CXX_LANGUAGE_STANDARD = "gnu++14";
				CLANG_CXX_LIBRARY = "libc++";
				CLANG_ENABLE_MODULES = YES;
				CLANG_ENABLE_OBJC_ARC = YES;
				CLANG_ENABLE_OBJC_WEAK = YES;
				CLANG_WARN_BLOCK_CAPTURE_AUTORELEASING = YES;
				CLANG_WARN_BOOL_CONVERSION = YES;
				CLANG_WARN_COMMA = YES;
				CLANG_WARN_CONSTANT_CONVERSION = YES;
				CLANG_WARN_DEPRECATED_OBJC_IMPLEMENTATIONS = YES;
				CLANG_WARN_DIRECT_OBJC_ISA_USAGE = YES_ERROR;
				CLANG_WARN_DOCUMENTATION_COMMENTS = YES;
				CLANG_WARN_EMPTY_BODY = YES;
				CLANG_WARN_ENUM_CONVERSION = YES;
				CLANG_WARN_INFINITE_RECURSION = YES;
				CLANG_WARN_INT_CONVERSION = YES;
				CLANG_WARN_NON_LITERAL_NULL_CONVERSION = YES;
				CLANG_WARN_OBJC_IMPLICIT_RETAIN_SELF = YES;
				CLANG_WARN_OBJC_LITERAL_CONVERSION = YES;
				CLANG_WARN_OBJC_ROOT_CLASS = YES_ERROR;
				CLANG_WARN_RANGE_LOOP_ANALYSIS = YES;
				CLANG_WARN_STRICT_PROTOTYPES = YES;
				CLANG_WARN_SUSPICIOUS_MOVE = YES;
				CLANG_WARN_UNGUARDED_AVAILABILITY = YES_AGGRESSIVE;
				CLANG_WARN_UNREACHABLE_CODE = YES;
				CLANG_WARN__DUPLICATE_METHOD_MATCH = YES;
				COPY_PHASE_STRIP = NO;
				DEBUG_INFORMATION_FORMAT = dwarf;
				ENABLE_STRICT_OBJC_MSGSEND = YES;
				ENABLE_TESTABILITY = YES;
				GCC_C_LANGUAGE_STANDARD = gnu11;
				GCC_DYNAMIC_NO_PIC = NO;
				GCC_NO_COMMON_BLOCKS = YES;
				GCC_OPTIMIZATION_LEVEL = 0;
				GCC_PREPROCESSOR_DEFINITIONS = (
					"DEBUG=1",
					"$(inherited)",
				);
				GCC_WARN_64_TO_32_BIT_CONVERSION = YES;
				GCC_WARN_ABOUT_RETURN_TYPE = YES_ERROR;
				GCC_WARN_UNDECLARED_SELECTOR = YES;
				GCC_WARN_UNINITIALIZED_AUTOS = YES_AGGRESSIVE;
				GCC_WARN_UNUSED_FUNCTION = YES;
				GCC_WARN_UNUSED_VARIABLE = YES;
				MACOSX_DEPLOYMENT_TARGET = 10.15;
				MTL_ENABLE_DEBUG_INFO = INCLUDE_SOURCE;
				MTL_FAST_MATH = YES;
				ONLY_ACTIVE_ARCH = YES;
				SDKROOT = macosx;
				SWIFT_ACTIVE_COMPILATION_CONDITIONS = DEBUG;
				SWIFT_OPTIMIZATION_LEVEL = "-Onone";
			};
			name = Debug;
		};
		1340F74124A2CAEA00ECB17C /* Release */ = {
			isa = XCBuildConfiguration;
			buildSettings = {
				ALWAYS_SEARCH_USER_PATHS = NO;
				CLANG_ANALYZER_NONNULL = YES;
				CLANG_ANALYZER_NUMBER_OBJECT_CONVERSION = YES_AGGRESSIVE;
				CLANG_CXX_LANGUAGE_STANDARD = "gnu++14";
				CLANG_CXX_LIBRARY = "libc++";
				CLANG_ENABLE_MODULES = YES;
				CLANG_ENABLE_OBJC_ARC = YES;
				CLANG_ENABLE_OBJC_WEAK = YES;
				CLANG_WARN_BLOCK_CAPTURE_AUTORELEASING = YES;
				CLANG_WARN_BOOL_CONVERSION = YES;
				CLANG_WARN_COMMA = YES;
				CLANG_WARN_CONSTANT_CONVERSION = YES;
				CLANG_WARN_DEPRECATED_OBJC_IMPLEMENTATIONS = YES;
				CLANG_WARN_DIRECT_OBJC_ISA_USAGE = YES_ERROR;
				CLANG_WARN_DOCUMENTATION_COMMENTS = YES;
				CLANG_WARN_EMPTY_BODY = YES;
				CLANG_WARN_ENUM_CONVERSION = YES;
				CLANG_WARN_INFINITE_RECURSION = YES;
				CLANG_WARN_INT_CONVERSION = YES;
				CLANG_WARN_NON_LITERAL_NULL_CONVERSION = YES;
				CLANG_WARN_OBJC_IMPLICIT_RETAIN_SELF = YES;
				CLANG_WARN_OBJC_LITERAL_CONVERSION = YES;
				CLANG_WARN_OBJC_ROOT_CLASS = YES_ERROR;
				CLANG_WARN_RANGE_LOOP_ANALYSIS = YES;
				CLANG_WARN_STRICT_PROTOTYPES = YES;
				CLANG_WARN_SUSPICIOUS_MOVE = YES;
				CLANG_WARN_UNGUARDED_AVAILABILITY = YES_AGGRESSIVE;
				CLANG_WARN_UNREACHABLE_CODE = YES;
				CLANG_WARN__DUPLICATE_METHOD_MATCH = YES;
				COPY_PHASE_STRIP = NO;
				DEBUG_INFORMATION_FORMAT = "dwarf-with-dsym";
				ENABLE_NS_ASSERTIONS = NO;
				ENABLE_STRICT_OBJC_MSGSEND = YES;
				GCC_C_LANGUAGE_STANDARD = gnu11;
				GCC_NO_COMMON_BLOCKS = YES;
				GCC_WARN_64_TO_32_BIT_CONVERSION = YES;
				GCC_WARN_ABOUT_RETURN_TYPE = YES_ERROR;
				GCC_WARN_UNDECLARED_SELECTOR = YES;
				GCC_WARN_UNINITIALIZED_AUTOS = YES_AGGRESSIVE;
				GCC_WARN_UNUSED_FUNCTION = YES;
				GCC_WARN_UNUSED_VARIABLE = YES;
				MACOSX_DEPLOYMENT_TARGET = 10.15;
				MTL_ENABLE_DEBUG_INFO = NO;
				MTL_FAST_MATH = YES;
				SDKROOT = macosx;
				SWIFT_COMPILATION_MODE = wholemodule;
				SWIFT_OPTIMIZATION_LEVEL = "-O";
			};
			name = Release;
		};
		1340F74324A2CAEA00ECB17C /* Debug */ = {
			isa = XCBuildConfiguration;
			baseConfigurationReference = B92D7E51C82F5B4206B43B7E /* Pods-SpotifyMacMenu.debug.xcconfig */;
			buildSettings = {
				ASSETCATALOG_COMPILER_APPICON_NAME = AppIcon;
				CODE_SIGN_ENTITLEMENTS = SpotifyMacMenu/SpotifyMacMenu.entitlements;
				CODE_SIGN_IDENTITY = "-";
				CODE_SIGN_STYLE = Automatic;
				COMBINE_HIDPI_IMAGES = YES;
				DEVELOPMENT_ASSET_PATHS = "\"SpotifyMacMenu/Preview Content\"";
				DEVELOPMENT_TEAM = CZRYSM95LS;
				ENABLE_HARDENED_RUNTIME = YES;
				ENABLE_PREVIEWS = YES;
				INFOPLIST_FILE = SpotifyMacMenu/Info.plist;
				LD_RUNPATH_SEARCH_PATHS = (
					"$(inherited)",
					"@executable_path/../Frameworks",
				);
				MACOSX_DEPLOYMENT_TARGET = 10.15;
				PRODUCT_BUNDLE_IDENTIFIER = com.IreneLee.SpotifyMacMenu;
				PRODUCT_NAME = "$(TARGET_NAME)";
				SWIFT_VERSION = 5.0;
			};
			name = Debug;
		};
		1340F74424A2CAEA00ECB17C /* Release */ = {
			isa = XCBuildConfiguration;
			baseConfigurationReference = B940A093047B04A0424C2FFD /* Pods-SpotifyMacMenu.release.xcconfig */;
			buildSettings = {
				ASSETCATALOG_COMPILER_APPICON_NAME = AppIcon;
				CODE_SIGN_ENTITLEMENTS = SpotifyMacMenu/SpotifyMacMenu.entitlements;
				CODE_SIGN_IDENTITY = "-";
				CODE_SIGN_STYLE = Automatic;
				COMBINE_HIDPI_IMAGES = YES;
				DEVELOPMENT_ASSET_PATHS = "\"SpotifyMacMenu/Preview Content\"";
				DEVELOPMENT_TEAM = CZRYSM95LS;
				ENABLE_HARDENED_RUNTIME = YES;
				ENABLE_PREVIEWS = YES;
				INFOPLIST_FILE = SpotifyMacMenu/Info.plist;
				LD_RUNPATH_SEARCH_PATHS = (
					"$(inherited)",
					"@executable_path/../Frameworks",
				);
				MACOSX_DEPLOYMENT_TARGET = 10.15;
				PRODUCT_BUNDLE_IDENTIFIER = com.IreneLee.SpotifyMacMenu;
				PRODUCT_NAME = "$(TARGET_NAME)";
				SWIFT_VERSION = 5.0;
			};
			name = Release;
		};
/* End XCBuildConfiguration section */

/* Begin XCConfigurationList section */
		1340F72A24A2CAE600ECB17C /* Build configuration list for PBXProject "SpotifyMacMenu" */ = {
			isa = XCConfigurationList;
			buildConfigurations = (
				1340F74024A2CAEA00ECB17C /* Debug */,
				1340F74124A2CAEA00ECB17C /* Release */,
			);
			defaultConfigurationIsVisible = 0;
			defaultConfigurationName = Release;
		};
		1340F74224A2CAEA00ECB17C /* Build configuration list for PBXNativeTarget "SpotifyMacMenu" */ = {
			isa = XCConfigurationList;
			buildConfigurations = (
				1340F74324A2CAEA00ECB17C /* Debug */,
				1340F74424A2CAEA00ECB17C /* Release */,
			);
			defaultConfigurationIsVisible = 0;
			defaultConfigurationName = Release;
		};
/* End XCConfigurationList section */
	};
	rootObject = 1340F72724A2CAE600ECB17C /* Project object */;
}
